
Microsoft Visual Studio Solution File, Format Version 12.00
# Visual Studio Version 17
VisualStudioVersion = 17.12.35309.182
MinimumVisualStudioVersion = 10.0.40219.1
Project("{FAE04EC0-301F-11D3-BF4B-00C04F79EFBC}") = "Prometheus.Sample", "Prometheus.Sample\Prometheus.Sample.csproj", "{70A73FEE-3B0B-4FB4-902E-81175A463F42}"
EndProject
Project("{FAE04EC0-301F-11D3-BF4B-00C04F79EFBC}") = "Prometheus.Web", "Prometheus.Web\Prometheus.Web.csproj", "{4E2D0811-7187-4F6F-AA33-7F13761DE470}"
EndProject
Global
	GlobalSection(SolutionConfigurationPlatforms) = preSolution
		Debug|Any CPU = Debug|Any CPU
		Release|Any CPU = Release|Any CPU
	EndGlobalSection
	GlobalSection(ProjectConfigurationPlatforms) = postSolution
		{70A73FEE-3B0B-4FB4-902E-81175A463F42}.Debug|Any CPU.ActiveCfg = Debug|Any CPU
		{70A73FEE-3B0B-4FB4-902E-81175A463F42}.Debug|Any CPU.Build.0 = Debug|Any CPU
		{70A73FEE-3B0B-4FB4-902E-81175A463F42}.Release|Any CPU.ActiveCfg = Release|Any CPU
		{70A73FEE-3B0B-4FB4-902E-81175A463F42}.Release|Any CPU.Build.0 = Release|Any CPU
		{4E2D0811-7187-4F6F-AA33-7F13761DE470}.Debug|Any CPU.ActiveCfg = Debug|Any CPU
		{4E2D0811-7187-4F6F-AA33-7F13761DE470}.Debug|Any CPU.Build.0 = Debug|Any CPU
		{4E2D0811-7187-4F6F-AA33-7F13761DE470}.Release|Any CPU.ActiveCfg = Release|Any CPU
		{4E2D0811-7187-4F6F-AA33-7F13761DE470}.Release|Any CPU.Build.0 = Release|Any CPU
	EndGlobalSection
	GlobalSection(SolutionProperties) = preSolution
		HideSolutionNode = FALSE
	EndGlobalSection
	GlobalSection(ExtensibilityGlobals) = postSolution
		SolutionGuid = {14D0DE60-C659-4F84-B4F2-8028057B7C03}
	EndGlobalSection
EndGlobal
